
Microsoft Visual Studio Solution File, Format Version 12.00
# Visual Studio Version 17
VisualStudioVersion = 17.10.35027.167
MinimumVisualStudioVersion = 10.0.40219.1
Project("{E24C65DC-7377-472B-9ABA-BC803B73C61A}") = "TBH_Web", "TBH_Web\", "{8FF6B82A-4842-4096-AA3C-057E4596DEB2}"
	ProjectSection(WebsiteProperties) = preProject
		TargetFrameworkMoniker = ".NETFramework,Version%3Dv4.8"
		ProjectReferences = "{60541e9d-66f5-4787-b37b-7c8d87254d1d}|TBH_CustomEvents.dll;"
		Debug.AspNetCompiler.VirtualPath = "/localhost_59809"
		Debug.AspNetCompiler.PhysicalPath = "TBH_Web\"
		Debug.AspNetCompiler.TargetPath = "PrecompiledWeb\localhost_59809\"
		Debug.AspNetCompiler.Updateable = "true"
		Debug.AspNetCompiler.ForceOverwrite = "true"
		Debug.AspNetCompiler.FixedNames = "false"
		Debug.AspNetCompiler.Debug = "True"
		Release.AspNetCompiler.VirtualPath = "/localhost_59809"
		Release.AspNetCompiler.PhysicalPath = "TBH_Web\"
		Release.AspNetCompiler.TargetPath = "PrecompiledWeb\localhost_59809\"
		Release.AspNetCompiler.Updateable = "true"
		Release.AspNetCompiler.ForceOverwrite = "true"
		Release.AspNetCompiler.FixedNames = "false"
		Release.AspNetCompiler.Debug = "False"
		VWDPort = "59809"
		SlnRelativePath = "TBH_Web\"
		DefaultWebSiteLanguage = "Visual C#"
	EndProjectSection
EndProject
Project("{FAE04EC0-301F-11D3-BF4B-00C04F79EFBC}") = "TBH_CustomEvents", "TBH_CustomEvents\TBH_CustomEvents.csproj", "{60541E9D-66F5-4787-B37B-7C8D87254D1D}"
EndProject
Global
	GlobalSection(SolutionConfigurationPlatforms) = preSolution
		Debug|Any CPU = Debug|Any CPU
		Release|Any CPU = Release|Any CPU
	EndGlobalSection
	GlobalSection(ProjectConfigurationPlatforms) = postSolution
		{8FF6B82A-4842-4096-AA3C-057E4596DEB2}.Debug|Any CPU.ActiveCfg = Debug|Any CPU
		{8FF6B82A-4842-4096-AA3C-057E4596DEB2}.Debug|Any CPU.Build.0 = Debug|Any CPU
		{8FF6B82A-4842-4096-AA3C-057E4596DEB2}.Release|Any CPU.ActiveCfg = Debug|Any CPU
		{8FF6B82A-4842-4096-AA3C-057E4596DEB2}.Release|Any CPU.Build.0 = Debug|Any CPU
		{60541E9D-66F5-4787-B37B-7C8D87254D1D}.Debug|Any CPU.ActiveCfg = Debug|Any CPU
		{60541E9D-66F5-4787-B37B-7C8D87254D1D}.Debug|Any CPU.Build.0 = Debug|Any CPU
		{60541E9D-66F5-4787-B37B-7C8D87254D1D}.Release|Any CPU.ActiveCfg = Release|Any CPU
		{60541E9D-66F5-4787-B37B-7C8D87254D1D}.Release|Any CPU.Build.0 = Release|Any CPU
	EndGlobalSection
	GlobalSection(SolutionProperties) = preSolution
		HideSolutionNode = FALSE
	EndGlobalSection
	GlobalSection(ExtensibilityGlobals) = postSolution
		SolutionGuid = {B7AA5E0E-C75C-4E87-98A6-AB3A4996FA64}
	EndGlobalSection
EndGlobal
